<?xml version="1.0" encoding="utf-8"?>
<Project ToolsVersion="4.0" xmlns="http://schemas.microsoft.com/developer/msbuild/2003">
  <ItemGroup>
    <ClCompile Include="Main.cpp" />
    <ClCompile Include="MainGame.cpp" />
    <ClCompile Include="stdafx.cpp" />
    <ClCompile Include="CourseObjects\Week 1\TestScene.cpp" />
    <ClCompile Include="CourseObjects\Week 1\ComponentTestScene.cpp" />
    <ClCompile Include="CourseObjects\Week 2\ModelTestScene.cpp" />
    <ClCompile Include="Materials\ColorMaterial.cpp" />
    <ClCompile Include="CourseObjects\Week 2\Character.cpp" />
    <ClCompile Include="Materials\DiffuseMaterial.cpp" />
    <ClCompile Include="CourseObjects\Week 2\CharacterTest.cpp" />
    <ClCompile Include="CourseObjects\Week3\SpriteTestScene.cpp" />
    <ClCompile Include="Materials\UberMaterial.cpp" />
    <ClCompile Include="CourseObjects\Week3\UberShaderScene.cpp" />
    <ClCompile Include="CourseObjects\Week3\SpikeyScene.cpp" />
    <ClCompile Include="Materials\SpikeyMaterial.cpp" />
    <ClCompile Include="CourseObjects\Week4\PickerScene.cpp" />
    <ClCompile Include="CourseObjects\Week4\SpriteTextScene.cpp" />
    <ClCompile Include="Materials\SkyBoxMaterial.cpp" />
    <ClCompile Include="CourseObjects\Week5\SkyBoxScene.cpp" />
    <ClCompile Include="CourseObjects\Week5\TerrainTestScene.cpp" />
    <ClCompile Include="CourseObjects\Week6\BoneObject.cpp" />
    <ClCompile Include="CourseObjects\Week6\SoftwareSkinningScene_1.cpp" />
    <ClCompile Include="CourseObjects\Week6\SoftwareSkinningScene_2.cpp" />
    <ClCompile Include="CourseObjects\Week6\SoftwareSkinningScene_3.cpp" />
    <ClCompile Include="CourseObjects\Week7\HardwareSkinningScene.cpp" />
    <ClCompile Include="Materials\SkinnedDiffuseMaterial.cpp" />
    <ClCompile Include="CourseObjects\Week 1\Pong.cpp" />
    <ClCompile Include="CourseObjects\week8\ClothScene.cpp" />
    <ClCompile Include="CourseObjects\week8\PostProcessingScene.cpp" />
    <ClCompile Include="Materials\Post\PostBlur.cpp" />
    <ClCompile Include="Materials\Post\PostGrayscale.cpp" />
    <ClCompile Include="CourseObjects\Week 9\ShadowMappingScene.cpp" />
    <ClCompile Include="Materials\Shadow\DiffuseMaterial_Shadow.cpp" />
    <ClCompile Include="Materials\Shadow\SkinnedDiffuseMaterial_Shadow.cpp" />
    <ClCompile Include="CourseObjects\DoodleJump\JumpCharacter.cpp" />
    <ClCompile Include="CourseObjects\DoodleJump\DoodleScene.cpp" />
    <ClCompile Include="Materials\Shadow\DiffuseMaterial_Shadow_Outline.cpp" />
    <ClCompile Include="CourseObjects\DoodleJump\Platform.cpp" />
    <ClCompile Include="CourseObjects\Week 10\ParticleTestScene.cpp" />
    <ClCompile Include="CourseObjects\Shader\ShaderScene.cpp" />
    <ClCompile Include="Materials\shader\CrumbleMaterial.cpp" />
    <ClCompile Include="CourseObjects\DoodleJump\PickUp.cpp" />
    <ClCompile Include="Materials\Post\PostVignette.cpp" />
    <ClCompile Include="Materials\Post\PostChromAb.cpp" />
    <ClCompile Include="CourseObjects\DoodleJump\Enemy.cpp" />
    <ClCompile Include="CourseObjects\DoodleJump\MenuScene.cpp" />
  </ItemGroup>
  <ItemGroup>
    <ClInclude Include="MainGame.h" />
    <ClInclude Include="stdafx.h" />
    <ClInclude Include="CourseObjects\Week 1\ComponentTestScene.h" />
    <ClInclude Include="CourseObjects\Week 1\TestScene.h" />
    <ClInclude Include="CourseObjects\Week 2\ModelTestScene.h" />
    <ClInclude Include="Materials\ColorMaterial.h" />
    <ClInclude Include="CourseObjects\Week 2\Character.h" />
    <ClInclude Include="Materials\DiffuseMaterial.h" />
    <ClInclude Include="CourseObjects\Week 2\CharacterTest.h" />
    <ClInclude Include="CourseObjects\Week3\SpriteTestScene.h" />
    <ClInclude Include="Materials\UberMaterial.h" />
    <ClInclude Include="CourseObjects\Week3\UberShaderScene.h" />
    <ClInclude Include="CourseObjects\Week3\SpikeyScene.h" />
    <ClInclude Include="Materials\SpikeyMaterial.h" />
    <ClInclude Include="CourseObjects\Week4\PickerScene.h" />
    <ClInclude Include="CourseObjects\Week4\SpriteTextScene.h" />
    <ClInclude Include="Materials\SkyBoxMaterial.h" />
    <ClInclude Include="CourseObjects\Week5\SkyBoxScene.h" />
    <ClInclude Include="CourseObjects\Week5\TerrainTestScene.h" />
    <ClInclude Include="CourseObjects\Week6\BoneObject.h" />
    <ClInclude Include="CourseObjects\Week6\SoftwareSkinningScene_1.h" />
    <ClInclude Include="CourseObjects\Week6\SoftwareSkinningScene_2.h" />
    <ClInclude Include="CourseObjects\Week6\SoftwareSkinningScene_3.h" />
    <ClInclude Include="CourseObjects\Week7\HardwareSkinningScene.h" />
    <ClInclude Include="Materials\SkinnedDiffuseMaterial.h" />
    <ClInclude Include="CourseObjects\Week 1\Pong.h" />
    <ClInclude Include="CourseObjects\week8\ClothScene.h" />
    <ClInclude Include="CourseObjects\week8\PostProcessingScene.h" />
    <ClInclude Include="Materials\Post\PostBlur.h" />
    <ClInclude Include="Materials\Post\PostGrayscale.h" />
    <ClInclude Include="CourseObjects\Week 9\ShadowMappingScene.h" />
    <ClInclude Include="Materials\Shadow\DiffuseMaterial_Shadow.h" />
    <ClInclude Include="Materials\Shadow\SkinnedDiffuseMaterial_Shadow.h" />
    <ClInclude Include="CourseObjects\DoodleJump\JumpCharacter.h" />
    <ClInclude Include="CourseObjects\DoodleJump\DoodleScene.h" />
    <ClInclude Include="Materials\Shadow\DiffuseMaterial_Shadow_Outline.h" />
    <ClInclude Include="CourseObjects\DoodleJump\Platform.h" />
    <ClInclude Include="CourseObjects\Week 10\ParticleTestScene.h" />
    <ClInclude Include="CourseObjects\Shader\ShaderScene.h" />
    <ClInclude Include="Materials\shader\CrumbleMaterial.h" />
    <ClInclude Include="CourseObjects\DoodleJump\PickUp.h" />
    <ClInclude Include="Materials\Post\PostVignette.h" />
    <ClInclude Include="Materials\Post\PostChromAb.h" />
    <ClInclude Include="CourseObjects\DoodleJump\Enemy.h" />
    <ClInclude Include="CourseObjects\DoodleJump\MenuScene.h" />
  </ItemGroup>
</Project>